
Microsoft Visual Studio Solution File, Format Version 12.00
Project("{FAE04EC0-301F-11D3-BF4B-00C04F79EFBC}") = "AvaloniaBepInExConsole.Server", "AvaloniaBepInExConsole.Server\AvaloniaBepInExConsole.Server.csproj", "{5DCE84CB-315F-4CEB-9726-772CBD421FFF}"
EndProject
Project("{FAE04EC0-301F-11D3-BF4B-00C04F79EFBC}") = "AvaloniaBepInExConsole.App", "AvaloniaBepInExConsole.App\AvaloniaBepInExConsole.App.csproj", "{DE413463-7880-4717-973A-4AC6ED2AF4F6}"
EndProject
Project("{FAE04EC0-301F-11D3-BF4B-00C04F79EFBC}") = "AvaloniaBepInExConsole.Patcher", "AvaloniaBepInExConsole.Patcher\AvaloniaBepInExConsole.Patcher.csproj", "{7E810582-C81E-48C8-9D7D-5E08DC6D348B}"
EndProject
Project("{FAE04EC0-301F-11D3-BF4B-00C04F79EFBC}") = "AvaloniaBepInExConsole.Common", "AvaloniaBepInExConsole.Common\AvaloniaBepInExConsole.Common.csproj", "{FE20B2F3-638E-46DC-A48E-B271D8DB07DE}"
EndProject
Project("{FAE04EC0-301F-11D3-BF4B-00C04F79EFBC}") = "AvaloniaBepInExConsole.FakeServer", "AvaloniaBepInExConsole.FakeServer\AvaloniaBepInExConsole.FakeServer.csproj", "{13CD9D02-7C67-4EC3-99F9-5E3516BA769C}"
EndProject
Global
	GlobalSection(SolutionConfigurationPlatforms) = preSolution
		Debug|Any CPU = Debug|Any CPU
		Release|Any CPU = Release|Any CPU
		ReleaseApp|Any CPU = ReleaseApp|Any CPU
		DebugApp|Any CPU = DebugApp|Any CPU
	EndGlobalSection
	GlobalSection(ProjectConfigurationPlatforms) = postSolution
		{5DCE84CB-315F-4CEB-9726-772CBD421FFF}.Debug|Any CPU.ActiveCfg = Debug|Any CPU
		{5DCE84CB-315F-4CEB-9726-772CBD421FFF}.Debug|Any CPU.Build.0 = Debug|Any CPU
		{5DCE84CB-315F-4CEB-9726-772CBD421FFF}.Release|Any CPU.ActiveCfg = Release|Any CPU
		{5DCE84CB-315F-4CEB-9726-772CBD421FFF}.Release|Any CPU.Build.0 = Release|Any CPU
		{5DCE84CB-315F-4CEB-9726-772CBD421FFF}.ReleaseApp|Any CPU.ActiveCfg = ReleaseApp|Any CPU
		{5DCE84CB-315F-4CEB-9726-772CBD421FFF}.DebugApp|Any CPU.ActiveCfg = DebugApp|Any CPU
		{DE413463-7880-4717-973A-4AC6ED2AF4F6}.Debug|Any CPU.ActiveCfg = Debug|Any CPU
		{DE413463-7880-4717-973A-4AC6ED2AF4F6}.Release|Any CPU.ActiveCfg = Release|Any CPU
		{DE413463-7880-4717-973A-4AC6ED2AF4F6}.ReleaseApp|Any CPU.ActiveCfg = ReleaseApp|Any CPU
		{DE413463-7880-4717-973A-4AC6ED2AF4F6}.ReleaseApp|Any CPU.Build.0 = ReleaseApp|Any CPU
		{DE413463-7880-4717-973A-4AC6ED2AF4F6}.DebugApp|Any CPU.ActiveCfg = DebugApp|Any CPU
		{DE413463-7880-4717-973A-4AC6ED2AF4F6}.DebugApp|Any CPU.Build.0 = DebugApp|Any CPU
		{7E810582-C81E-48C8-9D7D-5E08DC6D348B}.Debug|Any CPU.ActiveCfg = Debug|Any CPU
		{7E810582-C81E-48C8-9D7D-5E08DC6D348B}.Debug|Any CPU.Build.0 = Debug|Any CPU
		{7E810582-C81E-48C8-9D7D-5E08DC6D348B}.Release|Any CPU.ActiveCfg = Release|Any CPU
		{7E810582-C81E-48C8-9D7D-5E08DC6D348B}.Release|Any CPU.Build.0 = Release|Any CPU
		{7E810582-C81E-48C8-9D7D-5E08DC6D348B}.ReleaseApp|Any CPU.ActiveCfg = ReleaseApp|Any CPU
		{7E810582-C81E-48C8-9D7D-5E08DC6D348B}.DebugApp|Any CPU.ActiveCfg = DebugApp|Any CPU
		{FE20B2F3-638E-46DC-A48E-B271D8DB07DE}.Debug|Any CPU.ActiveCfg = Debug|Any CPU
		{FE20B2F3-638E-46DC-A48E-B271D8DB07DE}.Debug|Any CPU.Build.0 = Debug|Any CPU
		{FE20B2F3-638E-46DC-A48E-B271D8DB07DE}.Release|Any CPU.ActiveCfg = Release|Any CPU
		{FE20B2F3-638E-46DC-A48E-B271D8DB07DE}.Release|Any CPU.Build.0 = Release|Any CPU
		{FE20B2F3-638E-46DC-A48E-B271D8DB07DE}.ReleaseApp|Any CPU.ActiveCfg = ReleaseApp|Any CPU
		{FE20B2F3-638E-46DC-A48E-B271D8DB07DE}.ReleaseApp|Any CPU.Build.0 = ReleaseApp|Any CPU
		{FE20B2F3-638E-46DC-A48E-B271D8DB07DE}.DebugApp|Any CPU.ActiveCfg = DebugApp|Any CPU
		{FE20B2F3-638E-46DC-A48E-B271D8DB07DE}.DebugApp|Any CPU.Build.0 = DebugApp|Any CPU
		{13CD9D02-7C67-4EC3-99F9-5E3516BA769C}.Debug|Any CPU.ActiveCfg = Debug|Any CPU
		{13CD9D02-7C67-4EC3-99F9-5E3516BA769C}.Debug|Any CPU.Build.0 = Debug|Any CPU
		{13CD9D02-7C67-4EC3-99F9-5E3516BA769C}.Release|Any CPU.ActiveCfg = Release|Any CPU
		{13CD9D02-7C67-4EC3-99F9-5E3516BA769C}.Release|Any CPU.Build.0 = Release|Any CPU
		{13CD9D02-7C67-4EC3-99F9-5E3516BA769C}.ReleaseApp|Any CPU.ActiveCfg = ReleaseApp|Any CPU
		{13CD9D02-7C67-4EC3-99F9-5E3516BA769C}.ReleaseApp|Any CPU.Build.0 = ReleaseApp|Any CPU
		{13CD9D02-7C67-4EC3-99F9-5E3516BA769C}.DebugApp|Any CPU.ActiveCfg = DebugApp|Any CPU
		{13CD9D02-7C67-4EC3-99F9-5E3516BA769C}.DebugApp|Any CPU.Build.0 = DebugApp|Any CPU
	EndGlobalSection
EndGlobal
